
Microsoft Visual Studio Solution File, Format Version 12.00
# Visual Studio Version 17
VisualStudioVersion = 17.0.31912.275
MinimumVisualStudioVersion = 10.0.40219.1
Project("{FAE04EC0-301F-11D3-BF4B-00C04F79EFBC}") = "Blog.WebApplication", "Blog.WebApplication\Blog.WebApplication.csproj", "{5578B31C-F099-4504-8CA7-699EC56FE5BE}"
EndProject
Global
	GlobalSection(SolutionConfigurationPlatforms) = preSolution
		Debug|Any CPU = Debug|Any CPU
		Release|Any CPU = Release|Any CPU
	EndGlobalSection
	GlobalSection(ProjectConfigurationPlatforms) = postSolution
		{5578B31C-F099-4504-8CA7-699EC56FE5BE}.Debug|Any CPU.ActiveCfg = Debug|Any CPU
		{5578B31C-F099-4504-8CA7-699EC56FE5BE}.Debug|Any CPU.Build.0 = Debug|Any CPU
		{5578B31C-F099-4504-8CA7-699EC56FE5BE}.Release|Any CPU.ActiveCfg = Release|Any CPU
		{5578B31C-F099-4504-8CA7-699EC56FE5BE}.Release|Any CPU.Build.0 = Release|Any CPU
	EndGlobalSection
	GlobalSection(SolutionProperties) = preSolution
		HideSolutionNode = FALSE
	EndGlobalSection
	GlobalSection(ExtensibilityGlobals) = postSolution
		SolutionGuid = {E78CA072-3684-4628-BDE0-61423B76A08A}
	EndGlobalSection
EndGlobal
